
Microsoft Visual Studio Solution File, Format Version 12.00
# Visual Studio Version 17
VisualStudioVersion = 17.9.34714.143
MinimumVisualStudioVersion = 10.0.40219.1
Project("{8BC9CEB8-8B4A-11D0-8D11-00A0C91BC942}") = "5", "5\5.vcxproj", "{528CF529-7E2B-400B-8166-365FFA7BE71C}"
EndProject
Global
	GlobalSection(SolutionConfigurationPlatforms) = preSolution
		Debug|x64 = Debug|x64
		Debug|x86 = Debug|x86
		Release|x64 = Release|x64
		Release|x86 = Release|x86
	EndGlobalSection
	GlobalSection(ProjectConfigurationPlatforms) = postSolution
		{528CF529-7E2B-400B-8166-365FFA7BE71C}.Debug|x64.ActiveCfg = Debug|x64
		{528CF529-7E2B-400B-8166-365FFA7BE71C}.Debug|x64.Build.0 = Debug|x64
		{528CF529-7E2B-400B-8166-365FFA7BE71C}.Debug|x86.ActiveCfg = Debug|Win32
		{528CF529-7E2B-400B-8166-365FFA7BE71C}.Debug|x86.Build.0 = Debug|Win32
		{528CF529-7E2B-400B-8166-365FFA7BE71C}.Release|x64.ActiveCfg = Release|x64
		{528CF529-7E2B-400B-8166-365FFA7BE71C}.Release|x64.Build.0 = Release|x64
		{528CF529-7E2B-400B-8166-365FFA7BE71C}.Release|x86.ActiveCfg = Release|Win32
		{528CF529-7E2B-400B-8166-365FFA7BE71C}.Release|x86.Build.0 = Release|Win32
	EndGlobalSection
	GlobalSection(SolutionProperties) = preSolution
		HideSolutionNode = FALSE
	EndGlobalSection
	GlobalSection(ExtensibilityGlobals) = postSolution
		SolutionGuid = {5F6CA248-A68C-4289-9597-65984B308097}
	EndGlobalSection
EndGlobal
