
Microsoft Visual Studio Solution File, Format Version 12.00
# Visual Studio Version 17
VisualStudioVersion = 17.9.34714.143
MinimumVisualStudioVersion = 10.0.40219.1
Project("{8BC9CEB8-8B4A-11D0-8D11-00A0C91BC942}") = "DATA STRUCTURE LAB2 Q1", "DATA STRUCTURE LAB2 Q1\DATA STRUCTURE LAB2 Q1.vcxproj", "{A563A9BD-987B-44A8-9DB5-6D73E7AE0816}"
EndProject
Global
	GlobalSection(SolutionConfigurationPlatforms) = preSolution
		Debug|x64 = Debug|x64
		Debug|x86 = Debug|x86
		Release|x64 = Release|x64
		Release|x86 = Release|x86
	EndGlobalSection
	GlobalSection(ProjectConfigurationPlatforms) = postSolution
		{A563A9BD-987B-44A8-9DB5-6D73E7AE0816}.Debug|x64.ActiveCfg = Debug|x64
		{A563A9BD-987B-44A8-9DB5-6D73E7AE0816}.Debug|x64.Build.0 = Debug|x64
		{A563A9BD-987B-44A8-9DB5-6D73E7AE0816}.Debug|x86.ActiveCfg = Debug|Win32
		{A563A9BD-987B-44A8-9DB5-6D73E7AE0816}.Debug|x86.Build.0 = Debug|Win32
		{A563A9BD-987B-44A8-9DB5-6D73E7AE0816}.Release|x64.ActiveCfg = Release|x64
		{A563A9BD-987B-44A8-9DB5-6D73E7AE0816}.Release|x64.Build.0 = Release|x64
		{A563A9BD-987B-44A8-9DB5-6D73E7AE0816}.Release|x86.ActiveCfg = Release|Win32
		{A563A9BD-987B-44A8-9DB5-6D73E7AE0816}.Release|x86.Build.0 = Release|Win32
	EndGlobalSection
	GlobalSection(SolutionProperties) = preSolution
		HideSolutionNode = FALSE
	EndGlobalSection
	GlobalSection(ExtensibilityGlobals) = postSolution
		SolutionGuid = {1D6FEE2C-DF0E-4DB8-B24A-3588845527A6}
	EndGlobalSection
EndGlobal
